PODS:
  - GNNetworkServices (0.1.2.0):
    - GNSwissRazor
    - ReachabilitySwift (~> 4.1.0)
  - GNSwissRazor (0.1.1.0)
  - KEntertainmentDomain (0.0.1)
  - KEntertainmentService (0.0.1):
    - GNNetworkServices
    - GNSwissRazor
    - KEntertainmentDomain
  - ReachabilitySwift (4.1.0)

DEPENDENCIES:
  - KEntertainmentService

SPEC REPOS:
  "git@github.com:javierbc121086/KEntertainmentDomainSpec.git":
    - KEntertainmentDomain
  "git@github.com:javierbc121086/KEntertainmentServiceSpec.git":
    - KEntertainmentService
  "git@gitlab.com:GonetGrupo/iOS/Dependencies/Spects/GNNetworkServicesSpec.git":
    - GNNetworkServices
  "git@gitlab.com:GonetGrupo/iOS/Dependencies/Spects/GNSwissRazorSpec.git":
    - GNSwissRazor
  https://github.com/CocoaPods/Specs.git:
    - ReachabilitySwift

SPEC CHECKSUMS:
  GNNetworkServices: f0789fa2e967571a73f92c5d666d8985143af40f
  GNSwissRazor: 81fafbc345360d3f4c4e30bf042964950f7ed88d
  KEntertainmentDomain: 63a2a0696dad6cdfbf1e970ea0e14550025a1f48
  KEntertainmentService: 07a88f8bbbb98cec076e91ff493e0ed3a005e5d7
  ReachabilitySwift: 6849231cd4e06559f3b9ef4a97a0a0f96d41e09f

PODFILE CHECKSUM: 01feed116e59f7f330e8155191409e70be0740dd

COCOAPODS: 1.8.1
